// !$*UTF8*$!
{
	archiveVersion = 1;
	classes = {
	};
	objectVersion = 46;
	objects = {

/* Begin PBXBuildFile section */
		C1469C9E1C505C8B008AED2F /* AppDelegate.swift in Sources */ = {isa = PBXBuildFile; fileRef = C1469C9D1C505C8B008AED2F /* AppDelegate.swift */; };
		C1469CA21C505C8B008AED2F /* GameScene.swift in Sources */ = {isa = PBXBuildFile; fileRef = C1469CA11C505C8B008AED2F /* GameScene.swift */; };
		C1469CA41C505C8B008AED2F /* GameViewController.swift in Sources */ = {isa = PBXBuildFile; fileRef = C1469CA31C505C8B008AED2F /* GameViewController.swift */; };
		C1469CA71C505C8B008AED2F /* Main.storyboard in Resources */ = {isa = PBXBuildFile; fileRef = C1469CA51C505C8B008AED2F /* Main.storyboard */; };
		C1469CA91C505C8B008AED2F /* Assets.xcassets in Resources */ = {isa = PBXBuildFile; fileRef = C1469CA81C505C8B008AED2F /* Assets.xcassets */; };
		C1469CAC1C505C8B008AED2F /* LaunchScreen.storyboard in Resources */ = {isa = PBXBuildFile; fileRef = C1469CAA1C505C8B008AED2F /* LaunchScreen.storyboard */; };
		C1469CB41C5079A8008AED2F /* background-music-aac.caf in Resources */ = {isa = PBXBuildFile; fileRef = C1469CB31C5075D4008AED2F /* background-music-aac.caf */; };
/* End PBXBuildFile section */

/* Begin PBXFileReference section */
		C1469C9A1C505C8B008AED2F /* SpriteKitSimpleGame.app */ = {isa = PBXFileReference; explicitFileType = wrapper.application; includeInIndex = 0; path = SpriteKitSimpleGame.app; sourceTree = BUILT_PRODUCTS_DIR; };
		C1469C9D1C505C8B008AED2F /* AppDelegate.swift */ = {isa = PBXFileReference; lastKnownFileType = sourcecode.swift; path = AppDelegate.swift; sourceTree = "<group>"; };
		C1469CA11C505C8B008AED2F /* GameScene.swift */ = {isa = PBXFileReference; lastKnownFileType = sourcecode.swift; path = GameScene.swift; sourceTree = "<group>"; };
		C1469CA31C505C8B008AED2F /* GameViewController.swift */ = {isa = PBXFileReference; lastKnownFileType = sourcecode.swift; path = GameViewController.swift; sourceTree = "<group>"; };
		C1469CA61C505C8B008AED2F /* Base */ = {isa = PBXFileReference; lastKnownFileType = file.storyboard; name = Base; path = Base.lproj/Main.storyboard; sourceTree = "<group>"; };
		C1469CA81C505C8B008AED2F /* Assets.xcassets */ = {isa = PBXFileReference; lastKnownFileType = folder.assetcatalog; path = Assets.xcassets; sourceTree = "<group>"; };
		C1469CAB1C505C8B008AED2F /* Base */ = {isa = PBXFileReference; lastKnownFileType = file.storyboard; name = Base; path = Base.lproj/LaunchScreen.storyboard; sourceTree = "<group>"; };
		C1469CAD1C505C8B008AED2F /* Info.plist */ = {isa = PBXFileReference; lastKnownFileType = text.plist.xml; path = Info.plist; sourceTree = "<group>"; };
		C1469CB31C5075D4008AED2F /* background-music-aac.caf */ = {isa = PBXFileReference; lastKnownFileType = file; path = "background-music-aac.caf"; sourceTree = "<group>"; };
/* End PBXFileReference section */

/* Begin PBXFrameworksBuildPhase section */
		C1469C971C505C8B008AED2F /* Frameworks */ = {
			isa = PBXFrameworksBuildPhase;
			buildActionMask = 2147483647;
			files = (
			);
			runOnlyForDeploymentPostprocessing = 0;
		};
/* End PBXFrameworksBuildPhase section */

/* Begin PBXGroup section */
		C1469C911C505C8B008AED2F = {
			isa = PBXGroup;
			children = (
				C1469C9C1C505C8B008AED2F /* SpriteKitSimpleGame */,
				C1469C9B1C505C8B008AED2F /* Products */,
			);
			sourceTree = "<group>";
		};
		C1469C9B1C505C8B008AED2F /* Products */ = {
			isa = PBXGroup;
			children = (
				C1469C9A1C505C8B008AED2F /* SpriteKitSimpleGame.app */,
			);
			name = Products;
			sourceTree = "<group>";
		};
		C1469C9C1C505C8B008AED2F /* SpriteKitSimpleGame */ = {
			isa = PBXGroup;
			children = (
				C1469C9D1C505C8B008AED2F /* AppDelegate.swift */,
				C1469CA11C505C8B008AED2F /* GameScene.swift */,
				C1469CA31C505C8B008AED2F /* GameViewController.swift */,
				C1469CA51C505C8B008AED2F /* Main.storyboard */,
				C1469CA81C505C8B008AED2F /* Assets.xcassets */,
				C1469CAA1C505C8B008AED2F /* LaunchScreen.storyboard */,
				C1469CAD1C505C8B008AED2F /* Info.plist */,
				C1469CB31C5075D4008AED2F /* background-music-aac.caf */,
			);
			path = SpriteKitSimpleGame;
			sourceTree = "<group>";
		};
/* End PBXGroup section */

/* Begin PBXNativeTarget section */
		C1469C991C505C8B008AED2F /* SpriteKitSimpleGame */ = {
			isa = PBXNativeTarget;
			buildConfigurationList = C1469CB01C505C8B008AED2F /* Build configuration list for PBXNativeTarget "SpriteKitSimpleGame" */;
			buildPhases = (
				C1469C961C505C8B008AED2F /* Sources */,
				C1469C971C505C8B008AED2F /* Frameworks */,
				C1469C981C505C8B008AED2F /* Resources */,
			);
			buildRules = (
			);
			dependencies = (
			);
			name = SpriteKitSimpleGame;
			productName = SpriteKitSimpleGame;
			productReference = C1469C9A1C505C8B008AED2F /* SpriteKitSimpleGame.app */;
			productType = "com.apple.product-type.application";
		};
/* End PBXNativeTarget section */

/* Begin PBXProject section */
		C1469C921C505C8B008AED2F /* Project object */ = {
			isa = PBXProject;
			attributes = {
				LastSwiftUpdateCheck = 0720;
				LastUpgradeCheck = 0720;
				ORGANIZATIONNAME = "Bytefly, Inc.";
				TargetAttributes = {
					C1469C991C505C8B008AED2F = {
						CreatedOnToolsVersion = 7.2;
					};
				};
			};
			buildConfigurationList = C1469C951C505C8B008AED2F /* Build configuration list for PBXProject "SpriteKitSimpleGame" */;
			compatibilityVersion = "Xcode 3.2";
			developmentRegion = English;
			hasScannedForEncodings = 0;
			knownRegions = (
				en,
				Base,
			);
			mainGroup = C1469C911C505C8B008AED2F;
			productRefGroup = C1469C9B1C505C8B008AED2F /* Products */;
			projectDirPath = "";
			projectRoot = "";
			targets = (
				C1469C991C505C8B008AED2F /* SpriteKitSimpleGame */,
			);
		};
/* End PBXProject section */

/* Begin PBXResourcesBuildPhase section */
		C1469C981C505C8B008AED2F /* Resources */ = {
			isa = PBXResourcesBuildPhase;
			buildActionMask = 2147483647;
			files = (
				C1469CB41C5079A8008AED2F /* background-music-aac.caf in Resources */,
				C1469CAC1C505C8B008AED2F /* LaunchScreen.storyboard in Resources */,
				C1469CA91C505C8B008AED2F /* Assets.xcassets in Resources */,
				C1469CA71C505C8B008AED2F /* Main.storyboard in Resources */,
			);
			runOnlyForDeploymentPostprocessing = 0;
		};
/* End PBXResourcesBuildPhase section */

/* Begin PBXSourcesBuildPhase section */
		C1469C961C505C8B008AED2F /* Sources */ = {
			isa = PBXSourcesBuildPhase;
			buildActionMask = 2147483647;
			files = (
				C1469CA21C505C8B008AED2F /* GameScene.swift in Sources */,
				C1469CA41C505C8B008AED2F /* GameViewController.swift in Sources */,
				C1469C9E1C505C8B008AED2F /* AppDelegate.swift in Sources */,
			);
			runOnlyForDeploymentPostprocessing = 0;
		};
/* End PBXSourcesBuildPhase section */

/* Begin PBXVariantGroup section */
		C1469CA51C505C8B008AED2F /* Main.storyboard */ = {
			isa = PBXVariantGroup;
			children = (
				C1469CA61C505C8B008AED2F /* Base */,
			);
			name = Main.storyboard;
			sourceTree = "<group>";
		};
		C1469CAA1C505C8B008AED2F /* LaunchScreen.storyboard */ = {
			isa = PBXVariantGroup;
			children = (
				C1469CAB1C505C8B008AED2F /* Base */,
			);
			name = LaunchScreen.storyboard;
			sourceTree = "<group>";
		};
/* End PBXVariantGroup section */

/* Begin XCBuildConfiguration section */
		C1469CAE1C505C8B008AED2F /* Debug */ = {
			isa = XCBuildConfiguration;
			buildSettings = {
				ALWAYS_SEARCH_USER_PATHS = NO;
				CLANG_CXX_LANGUAGE_STANDARD = "gnu++0x";
				CLANG_CXX_LIBRARY = "libc++";
				CLANG_ENABLE_MODULES = YES;
				CLANG_ENABLE_OBJC_ARC = YES;
				CLANG_WARN_BOOL_CONVERSION = YES;
				CLANG_WARN_CONSTANT_CONVERSION = YES;
				CLANG_WARN_DIRECT_OBJC_ISA_USAGE = YES_ERROR;
				CLANG_WARN_EMPTY_BODY = YES;
				CLANG_WARN_ENUM_CONVERSION = YES;
				CLANG_WARN_INT_CONVERSION = YES;
				CLANG_WARN_OBJC_ROOT_CLASS = YES_ERROR;
				CLANG_WARN_UNREACHABLE_CODE = YES;
				CLANG_WARN__DUPLICATE_METHOD_MATCH = YES;
				"CODE_SIGN_IDENTITY[sdk=iphoneos*]" = "iPhone Developer";
				COPY_PHASE_STRIP = NO;
				DEBUG_INFORMATION_FORMAT = "dwarf-with-dsym";
				ENABLE_STRICT_OBJC_MSGSEND = YES;
				ENABLE_TESTABILITY = YES;
				GCC_C_LANGUAGE_STANDARD = gnu99;
				GCC_DYNAMIC_NO_PIC = NO;
				GCC_NO_COMMON_BLOCKS = YES;
				GCC_OPTIMIZATION_LEVEL = 0;
				GCC_PREPROCESSOR_DEFINITIONS = (
					"DEBUG=1",
					"$(inherited)",
				);
				GCC_WARN_64_TO_32_BIT_CONVERSION = YES;
				GCC_WARN_ABOUT_RETURN_TYPE = YES_ERROR;
				GCC_WARN_UNDECLARED_SELECTOR = YES;
				GCC_WARN_UNINITIALIZED_AUTOS = YES_AGGRESSIVE;
				GCC_WARN_UNUSED_FUNCTION = YES;
				GCC_WARN_UNUSED_VARIABLE = YES;
				IPHONEOS_DEPLOYMENT_TARGET = 9.2;
				MTL_ENABLE_DEBUG_INFO = YES;
				ONLY_ACTIVE_ARCH = YES;
				SDKROOT = iphoneos;
				SWIFT_OPTIMIZATION_LEVEL = "-Onone";
			};
			name = Debug;
		};
		C1469CAF1C505C8B008AED2F /* Release */ = {
			isa = XCBuildConfiguration;
			buildSettings = {
				ALWAYS_SEARCH_USER_PATHS = NO;
				CLANG_CXX_LANGUAGE_STANDARD = "gnu++0x";
				CLANG_CXX_LIBRARY = "libc++";
				CLANG_ENABLE_MODULES = YES;
				CLANG_ENABLE_OBJC_ARC = YES;
				CLANG_WARN_BOOL_CONVERSION = YES;
				CLANG_WARN_CONSTANT_CONVERSION = YES;
				CLANG_WARN_DIRECT_OBJC_ISA_USAGE = YES_ERROR;
				CLANG_WARN_EMPTY_BODY = YES;
				CLANG_WARN_ENUM_CONVERSION = YES;
				CLANG_WARN_INT_CONVERSION = YES;
				CLANG_WARN_OBJC_ROOT_CLASS = YES_ERROR;
				CLANG_WARN_UNREACHABLE_CODE = YES;
				CLANG_WARN__DUPLICATE_METHOD_MATCH = YES;
				"CODE_SIGN_IDENTITY[sdk=iphoneos*]" = "iPhone Developer";
				COPY_PHASE_STRIP = NO;
				DEBUG_INFORMATION_FORMAT = "dwarf-with-dsym";
				ENABLE_NS_ASSERTIONS = NO;
				ENABLE_STRICT_OBJC_MSGSEND = YES;
				GCC_C_LANGUAGE_STANDARD = gnu99;
				GCC_NO_COMMON_BLOCKS = YES;
				GCC_WARN_64_TO_32_BIT_CONVERSION = YES;
				GCC_WARN_ABOUT_RETURN_TYPE = YES_ERROR;
				GCC_WARN_UNDECLARED_SELECTOR = YES;
				GCC_WARN_UNINITIALIZED_AUTOS = YES_AGGRESSIVE;
				GCC_WARN_UNUSED_FUNCTION = YES;
				GCC_WARN_UNUSED_VARIABLE = YES;
				IPHONEOS_DEPLOYMENT_TARGET = 9.2;
				MTL_ENABLE_DEBUG_INFO = NO;
				SDKROOT = iphoneos;
				VALIDATE_PRODUCT = YES;
			};
			name = Release;
		};
		C1469CB11C505C8B008AED2F /* Debug */ = {
			isa = XCBuildConfiguration;
			buildSettings = {
				ASSETCATALOG_COMPILER_APPICON_NAME = AppIcon;
				INFOPLIST_FILE = SpriteKitSimpleGame/Info.plist;
				IPHONEOS_DEPLOYMENT_TARGET = 9.0;
				LD_RUNPATH_SEARCH_PATHS = "$(inherited) @executable_path/Frameworks";
				PRODUCT_BUNDLE_IDENTIFIER = com.bytefly.SpriteKitSimpleGame;
				PRODUCT_NAME = "$(TARGET_NAME)";
			};
			name = Debug;
		};
		C1469CB21C505C8B008AED2F /* Release */ = {
			isa = XCBuildConfiguration;
			buildSettings = {
				ASSETCATALOG_COMPILER_APPICON_NAME = AppIcon;
				INFOPLIST_FILE = SpriteKitSimpleGame/Info.plist;
				IPHONEOS_DEPLOYMENT_TARGET = 9.0;
				LD_RUNPATH_SEARCH_PATHS = "$(inherited) @executable_path/Frameworks";
				PRODUCT_BUNDLE_IDENTIFIER = com.bytefly.SpriteKitSimpleGame;
				PRODUCT_NAME = "$(TARGET_NAME)";
			};
			name = Release;
		};
/* End XCBuildConfiguration section */

/* Begin XCConfigurationList section */
		C1469C951C505C8B008AED2F /* Build configuration list for PBXProject "SpriteKitSimpleGame" */ = {
			isa = XCConfigurationList;
			buildConfigurations = (
				C1469CAE1C505C8B008AED2F /* Debug */,
				C1469CAF1C505C8B008AED2F /* Release */,
			);
			defaultConfigurationIsVisible = 0;
			defaultConfigurationName = Release;
		};
		C1469CB01C505C8B008AED2F /* Build configuration list for PBXNativeTarget "SpriteKitSimpleGame" */ = {
			isa = XCConfigurationList;
			buildConfigurations = (
				C1469CB11C505C8B008AED2F /* Debug */,
				C1469CB21C505C8B008AED2F /* Release */,
			);
			defaultConfigurationIsVisible = 0;
		};
/* End XCConfigurationList section */
	};
	rootObject = C1469C921C505C8B008AED2F /* Project object */;
}
